
Microsoft Visual Studio Solution File, Format Version 12.00
# Visual Studio Version 17
VisualStudioVersion = 17.3.32929.385
MinimumVisualStudioVersion = 10.0.40219.1
Project("{FAE04EC0-301F-11D3-BF4B-00C04F79EFBC}") = "DetailingV12App", "DetailingV12App.csproj", "{2A4CA784-2D79-40BC-9292-09437C6DB083}"
EndProject
Global
	GlobalSection(SolutionConfigurationPlatforms) = preSolution
		Debug|Any CPU = Debug|Any CPU
		Release|Any CPU = Release|Any CPU
	EndGlobalSection
	GlobalSection(ProjectConfigurationPlatforms) = postSolution
		{2A4CA784-2D79-40BC-9292-09437C6DB083}.Debug|Any CPU.ActiveCfg = Debug|Any CPU
		{2A4CA784-2D79-40BC-9292-09437C6DB083}.Debug|Any CPU.Build.0 = Debug|Any CPU
		{2A4CA784-2D79-40BC-9292-09437C6DB083}.Release|Any CPU.ActiveCfg = Release|Any CPU
		{2A4CA784-2D79-40BC-9292-09437C6DB083}.Release|Any CPU.Build.0 = Release|Any CPU
	EndGlobalSection
	GlobalSection(SolutionProperties) = preSolution
		HideSolutionNode = FALSE
	EndGlobalSection
	GlobalSection(ExtensibilityGlobals) = postSolution
		SolutionGuid = {35CB4650-A115-45DD-A12D-EF8CA24894D3}
	EndGlobalSection
EndGlobal
